<?xml version="1.0" encoding="UTF-8" standalone="yes" ?>
<CodeBlocks_project_file>
	<FileVersion major="1" minor="6" />
	<Project>
		<Option title="kuros" />
		<Option pch_mode="2" />
		<Option compiler="gcc" />
		<Build>
			<Target title="Debug">
				<Option output="bin/Debug/kuros" prefix_auto="1" extension_auto="1" />
				<Option working_dir="" />
				<Option object_output="obj/Debug/" />
				<Option type="2" />
				<Option compiler="gcc" />
				<Option createDefFile="1" />
				<Compiler>
					<Add option="-g" />
				</Compiler>
			</Target>
			<Target title="Release">
				<Option output="bin/Release/kuros" prefix_auto="1" extension_auto="1" />
				<Option working_dir="" />
				<Option object_output="obj/Release/" />
				<Option type="2" />
				<Option compiler="gcc" />
				<Option createDefFile="1" />
				<Compiler>
					<Add option="-O2" />
				</Compiler>
				<Linker>
					<Add option="-s" />
				</Linker>
			</Target>
		</Build>
		<Compiler>
			<Add option="-Wall" />
			<Add option="-fexceptions" />
			<Add directory="include" />
			<Add directory="../../Libraries/tinyXml2/include" />
		</Compiler>
		<Linker>
			<Add library="../../Libraries/tinyXml2/lib/libtinyxml2.a" />
			<Add library="boost_system" />
			<Add library="boost_thread" />
		</Linker>
		<Unit filename="include/BlockingServer.hpp" />
		<Unit filename="include/DataFile.hpp" />
		<Unit filename="include/KukaCommand.hpp" />
		<Unit filename="include/KukaResponse.hpp" />
		<Unit filename="include/Server.hpp" />
		<Unit filename="include/ServerConfig.hpp" />
		<Unit filename="include/ThreadSafeQueue.hpp" />
		<Unit filename="include/XMLParser.hpp" />
		<Unit filename="include/constants.hpp" />
		<Unit filename="include/kuros.h" />
		<Unit filename="include/types.hpp" />
		<Unit filename="src/BlockingServer.cpp" />
		<Unit filename="src/DataFile.cpp" />
		<Unit filename="src/KukaCommand.cpp" />
		<Unit filename="src/KukaResponse.cpp" />
		<Unit filename="src/Server.cpp" />
		<Unit filename="src/ServerConfig.cpp" />
		<Unit filename="src/XMLParser.cpp" />
		<Extensions>
			<code_completion />
			<debugger />
		</Extensions>
	</Project>
</CodeBlocks_project_file>
